
Microsoft Visual Studio Solution File, Format Version 12.00
# Visual Studio Version 17
VisualStudioVersion = 17.2.32526.322
MinimumVisualStudioVersion = 10.0.40219.1
Project("{FAE04EC0-301F-11D3-BF4B-00C04F79EFBC}") = "weather.Android", "weather.Android\weather.Android.csproj", "{CD9ECE27-9624-4458-9842-802541B56A4C}"
EndProject
Project("{FAE04EC0-301F-11D3-BF4B-00C04F79EFBC}") = "weather.iOS", "weather.iOS\weather.iOS.csproj", "{B08398B0-129C-4166-A317-338673A972B5}"
EndProject
Project("{FAE04EC0-301F-11D3-BF4B-00C04F79EFBC}") = "weather", "weather\weather.csproj", "{3973EA5A-89A0-4FCE-A923-5946111425A5}"
EndProject
Global
	GlobalSection(SolutionConfigurationPlatforms) = preSolution
		Debug|Any CPU = Debug|Any CPU
		Debug|iPhone = Debug|iPhone
		Debug|iPhoneSimulator = Debug|iPhoneSimulator
		Release|Any CPU = Release|Any CPU
		Release|iPhone = Release|iPhone
		Release|iPhoneSimulator = Release|iPhoneSimulator
	EndGlobalSection
	GlobalSection(ProjectConfigurationPlatforms) = postSolution
		{CD9ECE27-9624-4458-9842-802541B56A4C}.Debug|Any CPU.ActiveCfg = Debug|Any CPU
		{CD9ECE27-9624-4458-9842-802541B56A4C}.Debug|Any CPU.Build.0 = Debug|Any CPU
		{CD9ECE27-9624-4458-9842-802541B56A4C}.Debug|Any CPU.Deploy.0 = Debug|Any CPU
		{CD9ECE27-9624-4458-9842-802541B56A4C}.Debug|iPhone.ActiveCfg = Debug|Any CPU
		{CD9ECE27-9624-4458-9842-802541B56A4C}.Debug|iPhone.Build.0 = Debug|Any CPU
		{CD9ECE27-9624-4458-9842-802541B56A4C}.Debug|iPhone.Deploy.0 = Debug|Any CPU
		{CD9ECE27-9624-4458-9842-802541B56A4C}.Debug|iPhoneSimulator.ActiveCfg = Debug|Any CPU
		{CD9ECE27-9624-4458-9842-802541B56A4C}.Debug|iPhoneSimulator.Build.0 = Debug|Any CPU
		{CD9ECE27-9624-4458-9842-802541B56A4C}.Debug|iPhoneSimulator.Deploy.0 = Debug|Any CPU
		{CD9ECE27-9624-4458-9842-802541B56A4C}.Release|Any CPU.ActiveCfg = Release|Any CPU
		{CD9ECE27-9624-4458-9842-802541B56A4C}.Release|Any CPU.Build.0 = Release|Any CPU
		{CD9ECE27-9624-4458-9842-802541B56A4C}.Release|Any CPU.Deploy.0 = Release|Any CPU
		{CD9ECE27-9624-4458-9842-802541B56A4C}.Release|iPhone.ActiveCfg = Release|Any CPU
		{CD9ECE27-9624-4458-9842-802541B56A4C}.Release|iPhone.Build.0 = Release|Any CPU
		{CD9ECE27-9624-4458-9842-802541B56A4C}.Release|iPhone.Deploy.0 = Release|Any CPU
		{CD9ECE27-9624-4458-9842-802541B56A4C}.Release|iPhoneSimulator.ActiveCfg = Release|Any CPU
		{CD9ECE27-9624-4458-9842-802541B56A4C}.Release|iPhoneSimulator.Build.0 = Release|Any CPU
		{CD9ECE27-9624-4458-9842-802541B56A4C}.Release|iPhoneSimulator.Deploy.0 = Release|Any CPU
		{B08398B0-129C-4166-A317-338673A972B5}.Debug|Any CPU.ActiveCfg = Debug|iPhone
		{B08398B0-129C-4166-A317-338673A972B5}.Debug|Any CPU.Build.0 = Debug|iPhone
		{B08398B0-129C-4166-A317-338673A972B5}.Debug|Any CPU.Deploy.0 = Debug|iPhone
		{B08398B0-129C-4166-A317-338673A972B5}.Debug|iPhone.ActiveCfg = Debug|iPhone
		{B08398B0-129C-4166-A317-338673A972B5}.Debug|iPhone.Build.0 = Debug|iPhone
		{B08398B0-129C-4166-A317-338673A972B5}.Debug|iPhone.Deploy.0 = Debug|iPhone
		{B08398B0-129C-4166-A317-338673A972B5}.Debug|iPhoneSimulator.ActiveCfg = Debug|iPhoneSimulator
		{B08398B0-129C-4166-A317-338673A972B5}.Debug|iPhoneSimulator.Build.0 = Debug|iPhoneSimulator
		{B08398B0-129C-4166-A317-338673A972B5}.Debug|iPhoneSimulator.Deploy.0 = Debug|iPhoneSimulator
		{B08398B0-129C-4166-A317-338673A972B5}.Release|Any CPU.ActiveCfg = Release|iPhoneSimulator
		{B08398B0-129C-4166-A317-338673A972B5}.Release|Any CPU.Build.0 = Release|iPhoneSimulator
		{B08398B0-129C-4166-A317-338673A972B5}.Release|Any CPU.Deploy.0 = Release|iPhoneSimulator
		{B08398B0-129C-4166-A317-338673A972B5}.Release|iPhone.ActiveCfg = Release|iPhone
		{B08398B0-129C-4166-A317-338673A972B5}.Release|iPhone.Build.0 = Release|iPhone
		{B08398B0-129C-4166-A317-338673A972B5}.Release|iPhone.Deploy.0 = Release|iPhone
		{B08398B0-129C-4166-A317-338673A972B5}.Release|iPhoneSimulator.ActiveCfg = Release|iPhoneSimulator
		{B08398B0-129C-4166-A317-338673A972B5}.Release|iPhoneSimulator.Build.0 = Release|iPhoneSimulator
		{B08398B0-129C-4166-A317-338673A972B5}.Release|iPhoneSimulator.Deploy.0 = Release|iPhoneSimulator
		{3973EA5A-89A0-4FCE-A923-5946111425A5}.Debug|Any CPU.ActiveCfg = Debug|Any CPU
		{3973EA5A-89A0-4FCE-A923-5946111425A5}.Debug|Any CPU.Build.0 = Debug|Any CPU
		{3973EA5A-89A0-4FCE-A923-5946111425A5}.Debug|Any CPU.Deploy.0 = Debug|Any CPU
		{3973EA5A-89A0-4FCE-A923-5946111425A5}.Debug|iPhone.ActiveCfg = Debug|Any CPU
		{3973EA5A-89A0-4FCE-A923-5946111425A5}.Debug|iPhone.Build.0 = Debug|Any CPU
		{3973EA5A-89A0-4FCE-A923-5946111425A5}.Debug|iPhone.Deploy.0 = Debug|Any CPU
		{3973EA5A-89A0-4FCE-A923-5946111425A5}.Debug|iPhoneSimulator.ActiveCfg = Debug|Any CPU
		{3973EA5A-89A0-4FCE-A923-5946111425A5}.Debug|iPhoneSimulator.Build.0 = Debug|Any CPU
		{3973EA5A-89A0-4FCE-A923-5946111425A5}.Debug|iPhoneSimulator.Deploy.0 = Debug|Any CPU
		{3973EA5A-89A0-4FCE-A923-5946111425A5}.Release|Any CPU.ActiveCfg = Release|Any CPU
		{3973EA5A-89A0-4FCE-A923-5946111425A5}.Release|Any CPU.Build.0 = Release|Any CPU
		{3973EA5A-89A0-4FCE-A923-5946111425A5}.Release|Any CPU.Deploy.0 = Release|Any CPU
		{3973EA5A-89A0-4FCE-A923-5946111425A5}.Release|iPhone.ActiveCfg = Release|Any CPU
		{3973EA5A-89A0-4FCE-A923-5946111425A5}.Release|iPhone.Build.0 = Release|Any CPU
		{3973EA5A-89A0-4FCE-A923-5946111425A5}.Release|iPhone.Deploy.0 = Release|Any CPU
		{3973EA5A-89A0-4FCE-A923-5946111425A5}.Release|iPhoneSimulator.ActiveCfg = Release|Any CPU
		{3973EA5A-89A0-4FCE-A923-5946111425A5}.Release|iPhoneSimulator.Build.0 = Release|Any CPU
		{3973EA5A-89A0-4FCE-A923-5946111425A5}.Release|iPhoneSimulator.Deploy.0 = Release|Any CPU
	EndGlobalSection
	GlobalSection(SolutionProperties) = preSolution
		HideSolutionNode = FALSE
	EndGlobalSection
	GlobalSection(ExtensibilityGlobals) = postSolution
		SolutionGuid = {76FB7EEC-DA2A-4885-8477-ECED67B3DC72}
	EndGlobalSection
EndGlobal
